
Microsoft Visual Studio Solution File, Format Version 12.00
# Visual Studio 15
VisualStudioVersion = 15.0.28010.2036
MinimumVisualStudioVersion = 10.0.40219.1
Project("{FAE04EC0-301F-11D3-BF4B-00C04F79EFBC}") = "osmbuildingnodecount", "osmbuildingnodecount\osmbuildingnodecount.csproj", "{C434B3AE-258A-4807-9ADB-C5D486054DA3}"
EndProject
Global
	GlobalSection(SolutionConfigurationPlatforms) = preSolution
		Debug|Any CPU = Debug|Any CPU
		Release|Any CPU = Release|Any CPU
	EndGlobalSection
	GlobalSection(ProjectConfigurationPlatforms) = postSolution
		{C434B3AE-258A-4807-9ADB-C5D486054DA3}.Debug|Any CPU.ActiveCfg = Debug|Any CPU
		{C434B3AE-258A-4807-9ADB-C5D486054DA3}.Debug|Any CPU.Build.0 = Debug|Any CPU
		{C434B3AE-258A-4807-9ADB-C5D486054DA3}.Release|Any CPU.ActiveCfg = Release|Any CPU
		{C434B3AE-258A-4807-9ADB-C5D486054DA3}.Release|Any CPU.Build.0 = Release|Any CPU
	EndGlobalSection
	GlobalSection(SolutionProperties) = preSolution
		HideSolutionNode = FALSE
	EndGlobalSection
	GlobalSection(ExtensibilityGlobals) = postSolution
		SolutionGuid = {BEF6299B-E30C-464B-9437-5D554C35E278}
	EndGlobalSection
EndGlobal
